
Microsoft Visual Studio Solution File, Format Version 12.00
# Visual Studio 2015
Project("{FAE04EC0-301F-11D3-BF4B-00C04F79EFBC}") = "Smash Ball.Plugins", "Smash Ball.Plugins.csproj", "{1578DD57-DE32-1E58-7226-5B875EC8FFB5}"
EndProject
Project("{FAE04EC0-301F-11D3-BF4B-00C04F79EFBC}") = "Smash Ball", "Smash Ball.csproj", "{C64CA314-88B1-039B-9DD5-AC4366C26E48}"
EndProject
Global
	GlobalSection(SolutionConfigurationPlatforms) = preSolution
		Debug|Any CPU = Debug|Any CPU
		Release|Any CPU = Release|Any CPU
	EndGlobalSection
	GlobalSection(ProjectConfigurationPlatforms) = postSolution
		{1578DD57-DE32-1E58-7226-5B875EC8FFB5}.Debug|Any CPU.ActiveCfg = Debug|Any CPU
		{1578DD57-DE32-1E58-7226-5B875EC8FFB5}.Debug|Any CPU.Build.0 = Debug|Any CPU
		{1578DD57-DE32-1E58-7226-5B875EC8FFB5}.Release|Any CPU.ActiveCfg = Release|Any CPU
		{1578DD57-DE32-1E58-7226-5B875EC8FFB5}.Release|Any CPU.Build.0 = Release|Any CPU
		{C64CA314-88B1-039B-9DD5-AC4366C26E48}.Debug|Any CPU.ActiveCfg = Debug|Any CPU
		{C64CA314-88B1-039B-9DD5-AC4366C26E48}.Debug|Any CPU.Build.0 = Debug|Any CPU
		{C64CA314-88B1-039B-9DD5-AC4366C26E48}.Release|Any CPU.ActiveCfg = Release|Any CPU
		{C64CA314-88B1-039B-9DD5-AC4366C26E48}.Release|Any CPU.Build.0 = Release|Any CPU
	EndGlobalSection
	GlobalSection(SolutionProperties) = preSolution
		HideSolutionNode = FALSE
	EndGlobalSection
EndGlobal
