Microsoft Visual Studio Solution File, Format Version 11.00
# Visual Studio 2008

Project("{3CAEA0E4-649F-053C-7DFD-1A4CE976CC66}") = "Smash Ball", "Assembly-CSharp-vs.csproj", "{A8566888-C657-98F3-A13A-1989E0620C63}"
EndProject
Global
	GlobalSection(SolutionConfigurationPlatforms) = preSolution
		Debug|Any CPU = Debug|Any CPU
		Release|Any CPU = Release|Any CPU
	EndGlobalSection
	GlobalSection(ProjectConfigurationPlatforms) = postSolution
		{A8566888-C657-98F3-A13A-1989E0620C63}.Debug|Any CPU.ActiveCfg = Debug|Any CPU
		{A8566888-C657-98F3-A13A-1989E0620C63}.Debug|Any CPU.Build.0 = Debug|Any CPU
		{A8566888-C657-98F3-A13A-1989E0620C63}.Release|Any CPU.ActiveCfg = Release|Any CPU
		{A8566888-C657-98F3-A13A-1989E0620C63}.Release|Any CPU.Build.0 = Release|Any CPU
	EndGlobalSection
	GlobalSection(SolutionProperties) = preSolution
		HideSolutionNode = FALSE
	EndGlobalSection
																																																			GlobalSection(MonoDevelopProperties) = preSolution
		StartupItem = Assembly-CSharp.csproj
		Policies = $0
		$0.TextStylePolicy = $1
		$1.inheritsSet = null
		$1.scope = text/x-csharp
		$0.CSharpFormattingPolicy = $2
		$2.inheritsSet = Mono
		$2.inheritsScope = text/x-csharp
		$2.scope = text/x-csharp
		$0.TextStylePolicy = $3
		$3.FileWidth = 120
		$3.TabWidth = 4
		$3.IndentWidth = 4
		$3.EolMarker = Unix
		$3.inheritsSet = Mono
		$3.inheritsScope = text/plain
		$3.scope = text/plain
	EndGlobalSection

EndGlobal
